
Microsoft Visual Studio Solution File, Format Version 9.00
# Visual Studio 2005
Project("{8BC9CEB8-8B4A-11D0-8D11-00A0C91BC942}") = "Exp_4", "Exp_4.vcproj", "{185FD8A8-D00F-419C-86AE-ED726258F59F}"
EndProject
Global
	GlobalSection(SolutionConfigurationPlatforms) = preSolution
		Debug|Win32 = Debug|Win32
		Release|Win32 = Release|Win32
	EndGlobalSection
	GlobalSection(ProjectConfigurationPlatforms) = postSolution
		{185FD8A8-D00F-419C-86AE-ED726258F59F}.Debug|Win32.ActiveCfg = Debug|Win32
		{185FD8A8-D00F-419C-86AE-ED726258F59F}.Debug|Win32.Build.0 = Debug|Win32
		{185FD8A8-D00F-419C-86AE-ED726258F59F}.Release|Win32.ActiveCfg = Release|Win32
		{185FD8A8-D00F-419C-86AE-ED726258F59F}.Release|Win32.Build.0 = Release|Win32
	EndGlobalSection
	GlobalSection(SolutionProperties) = preSolution
		HideSolutionNode = FALSE
	EndGlobalSection
EndGlobal
